// !$*UTF8*$!
{
	archiveVersion = 1;
	classes = {
	};
	objectVersion = 46;
	objects = {

/* Begin PBXBuildFile section */
		78BD7310DB86E710EB8E6098 /* libPods-WTNotification.a in Frameworks */ = {isa = PBXBuildFile; fileRef = B72D6F087C2152D0CCF0304D /* libPods-WTNotification.a */; };
		B20CA27F1D37A4AD00CE3707 /* main.m in Sources */ = {isa = PBXBuildFile; fileRef = B20CA27E1D37A4AD00CE3707 /* main.m */; };
		B20CA2821D37A4AD00CE3707 /* AppDelegate.m in Sources */ = {isa = PBXBuildFile; fileRef = B20CA2811D37A4AD00CE3707 /* AppDelegate.m */; };
		B20CA2881D37A4AD00CE3707 /* Main.storyboard in Resources */ = {isa = PBXBuildFile; fileRef = B20CA2861D37A4AD00CE3707 /* Main.storyboard */; };
		B20CA28A1D37A4AD00CE3707 /* Assets.xcassets in Resources */ = {isa = PBXBuildFile; fileRef = B20CA2891D37A4AD00CE3707 /* Assets.xcassets */; };
		B20CA28D1D37A4AD00CE3707 /* LaunchScreen.storyboard in Resources */ = {isa = PBXBuildFile; fileRef = B20CA28B1D37A4AD00CE3707 /* LaunchScreen.storyboard */; };
		B20CA2971D37A71C00CE3707 /* MainVC.m in Sources */ = {isa = PBXBuildFile; fileRef = B20CA2961D37A71C00CE3707 /* MainVC.m */; };
		B20CA2A31D37ABED00CE3707 /* User.m in Sources */ = {isa = PBXBuildFile; fileRef = B20CA2A01D37ABED00CE3707 /* User.m */; };
		B20CA2A81D37AC9000CE3707 /* UserHandler.m in Sources */ = {isa = PBXBuildFile; fileRef = B20CA2A71D37AC9000CE3707 /* UserHandler.m */; };
		B20CA2AB1D37AD5700CE3707 /* ConnectionHandler.m in Sources */ = {isa = PBXBuildFile; fileRef = B20CA2AA1D37AD5700CE3707 /* ConnectionHandler.m */; };
		B20CA2AF1D37B02200CE3707 /* MessageHandler.m in Sources */ = {isa = PBXBuildFile; fileRef = B20CA2AE1D37B02200CE3707 /* MessageHandler.m */; };
		B23441221D389D6A001DF5D7 /* StatusTVC.m in Sources */ = {isa = PBXBuildFile; fileRef = B23441211D389D6A001DF5D7 /* StatusTVC.m */; };
		B234412B1D38CEBB001DF5D7 /* FileHandler.m in Sources */ = {isa = PBXBuildFile; fileRef = B234412A1D38CEBB001DF5D7 /* FileHandler.m */; };
		B23A8F591D45EF7A00872C44 /* DetailVC.m in Sources */ = {isa = PBXBuildFile; fileRef = B23A8F581D45EF7A00872C44 /* DetailVC.m */; };
		B23A8F611D4635BC00872C44 /* camera.png in Resources */ = {isa = PBXBuildFile; fileRef = B23A8F5E1D4635BC00872C44 /* camera.png */; };
		B23A8F621D4635BC00872C44 /* cancel.png in Resources */ = {isa = PBXBuildFile; fileRef = B23A8F5F1D4635BC00872C44 /* cancel.png */; };
		B23A8F631D4635BC00872C44 /* gallary.png in Resources */ = {isa = PBXBuildFile; fileRef = B23A8F601D4635BC00872C44 /* gallary.png */; };
		B2407DDC1D599A3C00CF1FFF /* bubble_left@2x.png in Resources */ = {isa = PBXBuildFile; fileRef = B2407DDA1D599A3C00CF1FFF /* bubble_left@2x.png */; };
		B2407DDD1D599A3C00CF1FFF /* bubble_right@2x.png in Resources */ = {isa = PBXBuildFile; fileRef = B2407DDB1D599A3C00CF1FFF /* bubble_right@2x.png */; };
		B24C71551D48BE2D0096DF06 /* send.png in Resources */ = {isa = PBXBuildFile; fileRef = B24C71541D48BE2D0096DF06 /* send.png */; };
		B24C715C1D48C6E50096DF06 /* MessageView.m in Sources */ = {isa = PBXBuildFile; fileRef = B24C715B1D48C6E50096DF06 /* MessageView.m */; };
		B24C715F1D48C8610096DF06 /* MessageData.m in Sources */ = {isa = PBXBuildFile; fileRef = B24C715E1D48C8610096DF06 /* MessageData.m */; };
		B24C71621D48EE100096DF06 /* bubble-left@2x.png in Resources */ = {isa = PBXBuildFile; fileRef = B24C71601D48EE100096DF06 /* bubble-left@2x.png */; };
		B24C71631D48EE100096DF06 /* bubble-right@2x.png in Resources */ = {isa = PBXBuildFile; fileRef = B24C71611D48EE100096DF06 /* bubble-right@2x.png */; };
		B254FAFD1D58897C00EDB102 /* splase-screen.png in Resources */ = {isa = PBXBuildFile; fileRef = B254FAFB1D58897C00EDB102 /* splase-screen.png */; };
		B254FAFE1D58897C00EDB102 /* logo.png in Resources */ = {isa = PBXBuildFile; fileRef = B254FAFC1D58897C00EDB102 /* logo.png */; };
		B26005F81D47339300C780A1 /* Channel.m in Sources */ = {isa = PBXBuildFile; fileRef = B26005F71D47339300C780A1 /* Channel.m */; };
		B26005FB1D4733A600C780A1 /* ChannelManager.m in Sources */ = {isa = PBXBuildFile; fileRef = B26005FA1D4733A600C780A1 /* ChannelManager.m */; };
		B26005FE1D474E3E00C780A1 /* ChatVC.m in Sources */ = {isa = PBXBuildFile; fileRef = B26005FD1D474E3E00C780A1 /* ChatVC.m */; };
		B26006021D4757B500C780A1 /* IPChangeNotifier.m in Sources */ = {isa = PBXBuildFile; fileRef = B26006011D4757B500C780A1 /* IPChangeNotifier.m */; };
		B26006051D47737600C780A1 /* Abel-Regular.ttf in Resources */ = {isa = PBXBuildFile; fileRef = B2DCB5061D424188001B153B /* Abel-Regular.ttf */; };
		B2A575C51D49FFED008B3156 /* ChatRoomVC.m in Sources */ = {isa = PBXBuildFile; fileRef = B2A575C41D49FFED008B3156 /* ChatRoomVC.m */; };
		B2A575C81D4A0027008B3156 /* ChatRoomTVC.m in Sources */ = {isa = PBXBuildFile; fileRef = B2A575C71D4A0027008B3156 /* ChatRoomTVC.m */; };
		B2A575D41D4A1AC2008B3156 /* Board Games.png in Resources */ = {isa = PBXBuildFile; fileRef = B2A575CA1D4A1AC2008B3156 /* Board Games.png */; };
		B2A575D51D4A1AC2008B3156 /* Chess.png in Resources */ = {isa = PBXBuildFile; fileRef = B2A575CB1D4A1AC2008B3156 /* Chess.png */; };
		B2A575D61D4A1AC2008B3156 /* Coffee.png in Resources */ = {isa = PBXBuildFile; fileRef = B2A575CC1D4A1AC2008B3156 /* Coffee.png */; };
		B2A575D71D4A1AC2008B3156 /* Football.png in Resources */ = {isa = PBXBuildFile; fileRef = B2A575CD1D4A1AC2008B3156 /* Football.png */; };
		B2A575D81D4A1AC2008B3156 /* Hangout.png in Resources */ = {isa = PBXBuildFile; fileRef = B2A575CE1D4A1AC2008B3156 /* Hangout.png */; };
		B2A575D91D4A1AC2008B3156 /* Lunch.png in Resources */ = {isa = PBXBuildFile; fileRef = B2A575CF1D4A1AC2008B3156 /* Lunch.png */; };
		B2A575DA1D4A1AC2008B3156 /* Ping Pong.png in Resources */ = {isa = PBXBuildFile; fileRef = B2A575D01D4A1AC2008B3156 /* Ping Pong.png */; };
		B2A575DB1D4A1AC2008B3156 /* Pool.png in Resources */ = {isa = PBXBuildFile; fileRef = B2A575D11D4A1AC2008B3156 /* Pool.png */; };
		B2A575DC1D4A1AC2008B3156 /* Run.png in Resources */ = {isa = PBXBuildFile; fileRef = B2A575D21D4A1AC2008B3156 /* Run.png */; };
		B2A575DD1D4A1AC2008B3156 /* Walk.png in Resources */ = {isa = PBXBuildFile; fileRef = B2A575D31D4A1AC2008B3156 /* Walk.png */; };
		B2DCB5021D4212C4001B153B /* ProfileVC.m in Sources */ = {isa = PBXBuildFile; fileRef = B2DCB5011D4212C4001B153B /* ProfileVC.m */; };
		B2DCB5051D423B80001B153B /* ContainerVC.m in Sources */ = {isa = PBXBuildFile; fileRef = B2DCB5041D423B80001B153B /* ContainerVC.m */; };
		B2DCB5091D42442C001B153B /* back icon.png in Resources */ = {isa = PBXBuildFile; fileRef = B2DCB5071D42442C001B153B /* back icon.png */; };
		B2DCB50A1D42442C001B153B /* Edit icon.png in Resources */ = {isa = PBXBuildFile; fileRef = B2DCB5081D42442C001B153B /* Edit icon.png */; };
		B2DCB50C1D424F6F001B153B /* no-profile.png in Resources */ = {isa = PBXBuildFile; fileRef = B2DCB50B1D424F6F001B153B /* no-profile.png */; };
		B2DCB5B61D477CAB00F9E24A /* SelectTVC.m in Sources */ = {isa = PBXBuildFile; fileRef = B2DCB5B51D477CAB00F9E24A /* SelectTVC.m */; };
/* End PBXBuildFile section */

/* Begin PBXFileReference section */
		3159522036DB1F5E9E1BBFD1 /* Pods-WTNotification.release.xcconfig */ = {isa = PBXFileReference; includeInIndex = 1; lastKnownFileType = text.xcconfig; name = "Pods-WTNotification.release.xcconfig"; path = "Pods/Target Support Files/Pods-WTNotification/Pods-WTNotification.release.xcconfig"; sourceTree = "<group>"; };
		B20CA27A1D37A4AD00CE3707 /* SILM-Alert.app */ = {isa = PBXFileReference; explicitFileType = wrapper.application; includeInIndex = 0; path = "SILM-Alert.app"; sourceTree = BUILT_PRODUCTS_DIR; };
		B20CA27E1D37A4AD00CE3707 /* main.m */ = {isa = PBXFileReference; lastKnownFileType = sourcecode.c.objc; path = main.m; sourceTree = "<group>"; };
		B20CA2801D37A4AD00CE3707 /* AppDelegate.h */ = {isa = PBXFileReference; lastKnownFileType = sourcecode.c.h; path = AppDelegate.h; sourceTree = "<group>"; };
		B20CA2811D37A4AD00CE3707 /* AppDelegate.m */ = {isa = PBXFileReference; lastKnownFileType = sourcecode.c.objc; path = AppDelegate.m; sourceTree = "<group>"; };
		B20CA2871D37A4AD00CE3707 /* Base */ = {isa = PBXFileReference; lastKnownFileType = file.storyboard; name = Base; path = Base.lproj/Main.storyboard; sourceTree = "<group>"; };
		B20CA2891D37A4AD00CE3707 /* Assets.xcassets */ = {isa = PBXFileReference; lastKnownFileType = folder.assetcatalog; path = Assets.xcassets; sourceTree = "<group>"; };
		B20CA28C1D37A4AD00CE3707 /* Base */ = {isa = PBXFileReference; lastKnownFileType = file.storyboard; name = Base; path = Base.lproj/LaunchScreen.storyboard; sourceTree = "<group>"; };
		B20CA28E1D37A4AD00CE3707 /* Info.plist */ = {isa = PBXFileReference; lastKnownFileType = text.plist.xml; path = Info.plist; sourceTree = "<group>"; };
		B20CA2951D37A71C00CE3707 /* MainVC.h */ = {isa = PBXFileReference; fileEncoding = 4; lastKnownFileType = sourcecode.c.h; path = MainVC.h; sourceTree = "<group>"; };
		B20CA2961D37A71C00CE3707 /* MainVC.m */ = {isa = PBXFileReference; fileEncoding = 4; lastKnownFileType = sourcecode.c.objc; path = MainVC.m; sourceTree = "<group>"; };
		B20CA29F1D37ABED00CE3707 /* User.h */ = {isa = PBXFileReference; fileEncoding = 4; lastKnownFileType = sourcecode.c.h; path = User.h; sourceTree = "<group>"; };
		B20CA2A01D37ABED00CE3707 /* User.m */ = {isa = PBXFileReference; fileEncoding = 4; lastKnownFileType = sourcecode.c.objc; path = User.m; sourceTree = "<group>"; };
		B20CA2A61D37AC9000CE3707 /* UserHandler.h */ = {isa = PBXFileReference; fileEncoding = 4; lastKnownFileType = sourcecode.c.h; path = UserHandler.h; sourceTree = "<group>"; };
		B20CA2A71D37AC9000CE3707 /* UserHandler.m */ = {isa = PBXFileReference; fileEncoding = 4; lastKnownFileType = sourcecode.c.objc; path = UserHandler.m; sourceTree = "<group>"; };
		B20CA2A91D37AD5700CE3707 /* ConnectionHandler.h */ = {isa = PBXFileReference; fileEncoding = 4; lastKnownFileType = sourcecode.c.h; path = ConnectionHandler.h; sourceTree = "<group>"; };
		B20CA2AA1D37AD5700CE3707 /* ConnectionHandler.m */ = {isa = PBXFileReference; fileEncoding = 4; lastKnownFileType = sourcecode.c.objc; path = ConnectionHandler.m; sourceTree = "<group>"; };
		B20CA2AD1D37B02200CE3707 /* MessageHandler.h */ = {isa = PBXFileReference; fileEncoding = 4; lastKnownFileType = sourcecode.c.h; path = MessageHandler.h; sourceTree = "<group>"; };
		B20CA2AE1D37B02200CE3707 /* MessageHandler.m */ = {isa = PBXFileReference; fileEncoding = 4; lastKnownFileType = sourcecode.c.objc; path = MessageHandler.m; sourceTree = "<group>"; };
		B20CA2B11D37B3C400CE3707 /* Constants.h */ = {isa = PBXFileReference; lastKnownFileType = sourcecode.c.h; path = Constants.h; sourceTree = "<group>"; };
		B23441201D389D6A001DF5D7 /* StatusTVC.h */ = {isa = PBXFileReference; fileEncoding = 4; lastKnownFileType = sourcecode.c.h; path = StatusTVC.h; sourceTree = "<group>"; };
		B23441211D389D6A001DF5D7 /* StatusTVC.m */ = {isa = PBXFileReference; fileEncoding = 4; lastKnownFileType = sourcecode.c.objc; path = StatusTVC.m; sourceTree = "<group>"; };
		B23441251D38A7B7001DF5D7 /* WTNotification.pch */ = {isa = PBXFileReference; fileEncoding = 4; lastKnownFileType = sourcecode.c.h; path = WTNotification.pch; sourceTree = "<group>"; };
		B23441291D38CEBB001DF5D7 /* FileHandler.h */ = {isa = PBXFileReference; fileEncoding = 4; lastKnownFileType = sourcecode.c.h; path = FileHandler.h; sourceTree = "<group>"; };
		B234412A1D38CEBB001DF5D7 /* FileHandler.m */ = {isa = PBXFileReference; fileEncoding = 4; lastKnownFileType = sourcecode.c.objc; path = FileHandler.m; sourceTree = "<group>"; };
		B23A8F571D45EF7A00872C44 /* DetailVC.h */ = {isa = PBXFileReference; fileEncoding = 4; lastKnownFileType = sourcecode.c.h; path = DetailVC.h; sourceTree = "<group>"; };
		B23A8F581D45EF7A00872C44 /* DetailVC.m */ = {isa = PBXFileReference; fileEncoding = 4; lastKnownFileType = sourcecode.c.objc; path = DetailVC.m; sourceTree = "<group>"; };
		B23A8F5E1D4635BC00872C44 /* camera.png */ = {isa = PBXFileReference; lastKnownFileType = image.png; path = camera.png; sourceTree = "<group>"; };
		B23A8F5F1D4635BC00872C44 /* cancel.png */ = {isa = PBXFileReference; lastKnownFileType = image.png; path = cancel.png; sourceTree = "<group>"; };
		B23A8F601D4635BC00872C44 /* gallary.png */ = {isa = PBXFileReference; lastKnownFileType = image.png; path = gallary.png; sourceTree = "<group>"; };
		B2407DDA1D599A3C00CF1FFF /* bubble_left@2x.png */ = {isa = PBXFileReference; lastKnownFileType = image.png; path = "bubble_left@2x.png"; sourceTree = "<group>"; };
		B2407DDB1D599A3C00CF1FFF /* bubble_right@2x.png */ = {isa = PBXFileReference; lastKnownFileType = image.png; path = "bubble_right@2x.png"; sourceTree = "<group>"; };
		B24C71541D48BE2D0096DF06 /* send.png */ = {isa = PBXFileReference; lastKnownFileType = image.png; path = send.png; sourceTree = "<group>"; };
		B24C715A1D48C6E50096DF06 /* MessageView.h */ = {isa = PBXFileReference; fileEncoding = 4; lastKnownFileType = sourcecode.c.h; path = MessageView.h; sourceTree = "<group>"; };
		B24C715B1D48C6E50096DF06 /* MessageView.m */ = {isa = PBXFileReference; fileEncoding = 4; lastKnownFileType = sourcecode.c.objc; path = MessageView.m; sourceTree = "<group>"; };
		B24C715D1D48C8610096DF06 /* MessageData.h */ = {isa = PBXFileReference; fileEncoding = 4; lastKnownFileType = sourcecode.c.h; path = MessageData.h; sourceTree = "<group>"; };
		B24C715E1D48C8610096DF06 /* MessageData.m */ = {isa = PBXFileReference; fileEncoding = 4; lastKnownFileType = sourcecode.c.objc; path = MessageData.m; sourceTree = "<group>"; };
		B24C71601D48EE100096DF06 /* bubble-left@2x.png */ = {isa = PBXFileReference; lastKnownFileType = image.png; path = "bubble-left@2x.png"; sourceTree = "<group>"; };
		B24C71611D48EE100096DF06 /* bubble-right@2x.png */ = {isa = PBXFileReference; lastKnownFileType = image.png; path = "bubble-right@2x.png"; sourceTree = "<group>"; };
		B254FAFB1D58897C00EDB102 /* splase-screen.png */ = {isa = PBXFileReference; lastKnownFileType = image.png; name = "splase-screen.png"; path = "status icon/splase-screen.png"; sourceTree = "<group>"; };
		B254FAFC1D58897C00EDB102 /* logo.png */ = {isa = PBXFileReference; lastKnownFileType = image.png; name = logo.png; path = "status icon/logo.png"; sourceTree = "<group>"; };
		B26005F61D47339300C780A1 /* Channel.h */ = {isa = PBXFileReference; fileEncoding = 4; lastKnownFileType = sourcecode.c.h; path = Channel.h; sourceTree = "<group>"; };
		B26005F71D47339300C780A1 /* Channel.m */ = {isa = PBXFileReference; fileEncoding = 4; lastKnownFileType = sourcecode.c.objc; path = Channel.m; sourceTree = "<group>"; };
		B26005F91D4733A600C780A1 /* ChannelManager.h */ = {isa = PBXFileReference; fileEncoding = 4; lastKnownFileType = sourcecode.c.h; path = ChannelManager.h; sourceTree = "<group>"; };
		B26005FA1D4733A600C780A1 /* ChannelManager.m */ = {isa = PBXFileReference; fileEncoding = 4; lastKnownFileType = sourcecode.c.objc; path = ChannelManager.m; sourceTree = "<group>"; };
		B26005FC1D474E3E00C780A1 /* ChatVC.h */ = {isa = PBXFileReference; fileEncoding = 4; lastKnownFileType = sourcecode.c.h; path = ChatVC.h; sourceTree = "<group>"; };
		B26005FD1D474E3E00C780A1 /* ChatVC.m */ = {isa = PBXFileReference; fileEncoding = 4; lastKnownFileType = sourcecode.c.objc; path = ChatVC.m; sourceTree = "<group>"; };
		B26006001D4757B500C780A1 /* IPChangeNotifier.h */ = {isa = PBXFileReference; fileEncoding = 4; lastKnownFileType = sourcecode.c.h; path = IPChangeNotifier.h; sourceTree = "<group>"; };
		B26006011D4757B500C780A1 /* IPChangeNotifier.m */ = {isa = PBXFileReference; fileEncoding = 4; lastKnownFileType = sourcecode.c.objc; path = IPChangeNotifier.m; sourceTree = "<group>"; };
		B2A575C31D49FFED008B3156 /* ChatRoomVC.h */ = {isa = PBXFileReference; fileEncoding = 4; lastKnownFileType = sourcecode.c.h; path = ChatRoomVC.h; sourceTree = "<group>"; };
		B2A575C41D49FFED008B3156 /* ChatRoomVC.m */ = {isa = PBXFileReference; fileEncoding = 4; lastKnownFileType = sourcecode.c.objc; path = ChatRoomVC.m; sourceTree = "<group>"; };
		B2A575C61D4A0027008B3156 /* ChatRoomTVC.h */ = {isa = PBXFileReference; fileEncoding = 4; lastKnownFileType = sourcecode.c.h; path = ChatRoomTVC.h; sourceTree = "<group>"; };
		B2A575C71D4A0027008B3156 /* ChatRoomTVC.m */ = {isa = PBXFileReference; fileEncoding = 4; lastKnownFileType = sourcecode.c.objc; path = ChatRoomTVC.m; sourceTree = "<group>"; };
		B2A575CA1D4A1AC2008B3156 /* Board Games.png */ = {isa = PBXFileReference; lastKnownFileType = image.png; path = "Board Games.png"; sourceTree = "<group>"; };
		B2A575CB1D4A1AC2008B3156 /* Chess.png */ = {isa = PBXFileReference; lastKnownFileType = image.png; path = Chess.png; sourceTree = "<group>"; };
		B2A575CC1D4A1AC2008B3156 /* Coffee.png */ = {isa = PBXFileReference; lastKnownFileType = image.png; path = Coffee.png; sourceTree = "<group>"; };
		B2A575CD1D4A1AC2008B3156 /* Football.png */ = {isa = PBXFileReference; lastKnownFileType = image.png; path = Football.png; sourceTree = "<group>"; };
		B2A575CE1D4A1AC2008B3156 /* Hangout.png */ = {isa = PBXFileReference; lastKnownFileType = image.png; path = Hangout.png; sourceTree = "<group>"; };
		B2A575CF1D4A1AC2008B3156 /* Lunch.png */ = {isa = PBXFileReference; lastKnownFileType = image.png; path = Lunch.png; sourceTree = "<group>"; };
		B2A575D01D4A1AC2008B3156 /* Ping Pong.png */ = {isa = PBXFileReference; lastKnownFileType = image.png; path = "Ping Pong.png"; sourceTree = "<group>"; };
		B2A575D11D4A1AC2008B3156 /* Pool.png */ = {isa = PBXFileReference; lastKnownFileType = image.png; path = Pool.png; sourceTree = "<group>"; };
		B2A575D21D4A1AC2008B3156 /* Run.png */ = {isa = PBXFileReference; lastKnownFileType = image.png; path = Run.png; sourceTree = "<group>"; };
		B2A575D31D4A1AC2008B3156 /* Walk.png */ = {isa = PBXFileReference; lastKnownFileType = image.png; path = Walk.png; sourceTree = "<group>"; };
		B2DCB5001D4212C4001B153B /* ProfileVC.h */ = {isa = PBXFileReference; fileEncoding = 4; lastKnownFileType = sourcecode.c.h; path = ProfileVC.h; sourceTree = "<group>"; };
		B2DCB5011D4212C4001B153B /* ProfileVC.m */ = {isa = PBXFileReference; fileEncoding = 4; lastKnownFileType = sourcecode.c.objc; path = ProfileVC.m; sourceTree = "<group>"; };
		B2DCB5031D423B80001B153B /* ContainerVC.h */ = {isa = PBXFileReference; fileEncoding = 4; lastKnownFileType = sourcecode.c.h; path = ContainerVC.h; sourceTree = "<group>"; };
		B2DCB5041D423B80001B153B /* ContainerVC.m */ = {isa = PBXFileReference; fileEncoding = 4; lastKnownFileType = sourcecode.c.objc; path = ContainerVC.m; sourceTree = "<group>"; };
		B2DCB5061D424188001B153B /* Abel-Regular.ttf */ = {isa = PBXFileReference; lastKnownFileType = file; name = "Abel-Regular.ttf"; path = "../Abel-Regular.ttf"; sourceTree = "<group>"; };
		B2DCB5071D42442C001B153B /* back icon.png */ = {isa = PBXFileReference; lastKnownFileType = image.png; path = "back icon.png"; sourceTree = "<group>"; };
		B2DCB5081D42442C001B153B /* Edit icon.png */ = {isa = PBXFileReference; lastKnownFileType = image.png; path = "Edit icon.png"; sourceTree = "<group>"; };
		B2DCB50B1D424F6F001B153B /* no-profile.png */ = {isa = PBXFileReference; lastKnownFileType = image.png; path = "no-profile.png"; sourceTree = "<group>"; };
		B2DCB5B41D477CAB00F9E24A /* SelectTVC.h */ = {isa = PBXFileReference; fileEncoding = 4; lastKnownFileType = sourcecode.c.h; path = SelectTVC.h; sourceTree = "<group>"; };
		B2DCB5B51D477CAB00F9E24A /* SelectTVC.m */ = {isa = PBXFileReference; fileEncoding = 4; lastKnownFileType = sourcecode.c.objc; path = SelectTVC.m; sourceTree = "<group>"; };
		B72D6F087C2152D0CCF0304D /* libPods-WTNotification.a */ = {isa = PBXFileReference; explicitFileType = archive.ar; includeInIndex = 0; path = "libPods-WTNotification.a"; sourceTree = BUILT_PRODUCTS_DIR; };
		CA1C0C2909115AE12C46F1CF /* Pods-WTNotification.debug.xcconfig */ = {isa = PBXFileReference; includeInIndex = 1; lastKnownFileType = text.xcconfig; name = "Pods-WTNotification.debug.xcconfig"; path = "Pods/Target Support Files/Pods-WTNotification/Pods-WTNotification.debug.xcconfig"; sourceTree = "<group>"; };
/* End PBXFileReference section */

/* Begin PBXFrameworksBuildPhase section */
		B20CA2771D37A4AD00CE3707 /* Frameworks */ = {
			isa = PBXFrameworksBuildPhase;
			buildActionMask = 2147483647;
			files = (
				78BD7310DB86E710EB8E6098 /* libPods-WTNotification.a in Frameworks */,
			);
			runOnlyForDeploymentPostprocessing = 0;
		};
/* End PBXFrameworksBuildPhase section */

/* Begin PBXGroup section */
		B20CA2711D37A4AD00CE3707 = {
			isa = PBXGroup;
			children = (
				B20CA27C1D37A4AD00CE3707 /* WTNotification */,
				B20CA27B1D37A4AD00CE3707 /* Products */,
				D7F5BF06B6E052EA9B14863E /* Pods */,
				C5B0EABF4313D08AC540C5CF /* Frameworks */,
			);
			sourceTree = "<group>";
		};
		B20CA27B1D37A4AD00CE3707 /* Products */ = {
			isa = PBXGroup;
			children = (
				B20CA27A1D37A4AD00CE3707 /* SILM-Alert.app */,
			);
			name = Products;
			sourceTree = "<group>";
		};
		B20CA27C1D37A4AD00CE3707 /* WTNotification */ = {
			isa = PBXGroup;
			children = (
				B234411F1D389D35001DF5D7 /* View */,
				B20CA2A51D37AC7100CE3707 /* Handler */,
				B20CA29E1D37AB9D00CE3707 /* Model */,
				B20CA2941D37A70000CE3707 /* ViewController */,
				B20CA2801D37A4AD00CE3707 /* AppDelegate.h */,
				B20CA2811D37A4AD00CE3707 /* AppDelegate.m */,
				B20CA2861D37A4AD00CE3707 /* Main.storyboard */,
				B20CA27D1D37A4AD00CE3707 /* Supporting Files */,
				B23441261D38AFC4001DF5D7 /* Resources */,
			);
			path = WTNotification;
			sourceTree = "<group>";
		};
		B20CA27D1D37A4AD00CE3707 /* Supporting Files */ = {
			isa = PBXGroup;
			children = (
				B23441251D38A7B7001DF5D7 /* WTNotification.pch */,
				B20CA2B11D37B3C400CE3707 /* Constants.h */,
				B20CA28E1D37A4AD00CE3707 /* Info.plist */,
				B20CA2891D37A4AD00CE3707 /* Assets.xcassets */,
				B20CA28B1D37A4AD00CE3707 /* LaunchScreen.storyboard */,
				B20CA27E1D37A4AD00CE3707 /* main.m */,
			);
			name = "Supporting Files";
			sourceTree = "<group>";
		};
		B20CA2941D37A70000CE3707 /* ViewController */ = {
			isa = PBXGroup;
			children = (
				B2DCB5031D423B80001B153B /* ContainerVC.h */,
				B2DCB5041D423B80001B153B /* ContainerVC.m */,
				B20CA2951D37A71C00CE3707 /* MainVC.h */,
				B20CA2961D37A71C00CE3707 /* MainVC.m */,
				B2DCB5001D4212C4001B153B /* ProfileVC.h */,
				B2DCB5011D4212C4001B153B /* ProfileVC.m */,
				B23A8F571D45EF7A00872C44 /* DetailVC.h */,
				B23A8F581D45EF7A00872C44 /* DetailVC.m */,
				B26005FC1D474E3E00C780A1 /* ChatVC.h */,
				B26005FD1D474E3E00C780A1 /* ChatVC.m */,
				B2A575C31D49FFED008B3156 /* ChatRoomVC.h */,
				B2A575C41D49FFED008B3156 /* ChatRoomVC.m */,
			);
			path = ViewController;
			sourceTree = "<group>";
		};
		B20CA29E1D37AB9D00CE3707 /* Model */ = {
			isa = PBXGroup;
			children = (
				B24C715D1D48C8610096DF06 /* MessageData.h */,
				B24C715E1D48C8610096DF06 /* MessageData.m */,
				B26005F61D47339300C780A1 /* Channel.h */,
				B26005F71D47339300C780A1 /* Channel.m */,
				B20CA29F1D37ABED00CE3707 /* User.h */,
				B20CA2A01D37ABED00CE3707 /* User.m */,
			);
			path = Model;
			sourceTree = "<group>";
		};
		B20CA2A51D37AC7100CE3707 /* Handler */ = {
			isa = PBXGroup;
			children = (
				B26005FF1D4757B500C780A1 /* IPChangeNotifier */,
				B26005F91D4733A600C780A1 /* ChannelManager.h */,
				B26005FA1D4733A600C780A1 /* ChannelManager.m */,
				B23441291D38CEBB001DF5D7 /* FileHandler.h */,
				B234412A1D38CEBB001DF5D7 /* FileHandler.m */,
				B20CA2A61D37AC9000CE3707 /* UserHandler.h */,
				B20CA2A71D37AC9000CE3707 /* UserHandler.m */,
				B20CA2A91D37AD5700CE3707 /* ConnectionHandler.h */,
				B20CA2AA1D37AD5700CE3707 /* ConnectionHandler.m */,
				B20CA2AD1D37B02200CE3707 /* MessageHandler.h */,
				B20CA2AE1D37B02200CE3707 /* MessageHandler.m */,
			);
			path = Handler;
			sourceTree = "<group>";
		};
		B234411F1D389D35001DF5D7 /* View */ = {
			isa = PBXGroup;
			children = (
				B24C715A1D48C6E50096DF06 /* MessageView.h */,
				B24C715B1D48C6E50096DF06 /* MessageView.m */,
				B23441201D389D6A001DF5D7 /* StatusTVC.h */,
				B23441211D389D6A001DF5D7 /* StatusTVC.m */,
				B2DCB5B41D477CAB00F9E24A /* SelectTVC.h */,
				B2DCB5B51D477CAB00F9E24A /* SelectTVC.m */,
				B2A575C61D4A0027008B3156 /* ChatRoomTVC.h */,
				B2A575C71D4A0027008B3156 /* ChatRoomTVC.m */,
			);
			path = View;
			sourceTree = "<group>";
		};
		B23441261D38AFC4001DF5D7 /* Resources */ = {
			isa = PBXGroup;
			children = (
				B2A575C91D4A1AC2008B3156 /* status icon */,
				B254FAFB1D58897C00EDB102 /* splase-screen.png */,
				B254FAFC1D58897C00EDB102 /* logo.png */,
				B24C71601D48EE100096DF06 /* bubble-left@2x.png */,
				B24C71611D48EE100096DF06 /* bubble-right@2x.png */,
				B24C71541D48BE2D0096DF06 /* send.png */,
				B23A8F5E1D4635BC00872C44 /* camera.png */,
				B23A8F5F1D4635BC00872C44 /* cancel.png */,
				B23A8F601D4635BC00872C44 /* gallary.png */,
				B2DCB50B1D424F6F001B153B /* no-profile.png */,
				B2DCB5071D42442C001B153B /* back icon.png */,
				B2DCB5081D42442C001B153B /* Edit icon.png */,
				B2DCB5061D424188001B153B /* Abel-Regular.ttf */,
			);
			path = Resources;
			sourceTree = "<group>";
		};
		B26005FF1D4757B500C780A1 /* IPChangeNotifier */ = {
			isa = PBXGroup;
			children = (
				B26006001D4757B500C780A1 /* IPChangeNotifier.h */,
				B26006011D4757B500C780A1 /* IPChangeNotifier.m */,
			);
			path = IPChangeNotifier;
			sourceTree = "<group>";
		};
		B2A575C91D4A1AC2008B3156 /* status icon */ = {
			isa = PBXGroup;
			children = (
				B2407DDA1D599A3C00CF1FFF /* bubble_left@2x.png */,
				B2407DDB1D599A3C00CF1FFF /* bubble_right@2x.png */,
				B2A575CA1D4A1AC2008B3156 /* Board Games.png */,
				B2A575CB1D4A1AC2008B3156 /* Chess.png */,
				B2A575CC1D4A1AC2008B3156 /* Coffee.png */,
				B2A575CD1D4A1AC2008B3156 /* Football.png */,
				B2A575CE1D4A1AC2008B3156 /* Hangout.png */,
				B2A575CF1D4A1AC2008B3156 /* Lunch.png */,
				B2A575D01D4A1AC2008B3156 /* Ping Pong.png */,
				B2A575D11D4A1AC2008B3156 /* Pool.png */,
				B2A575D21D4A1AC2008B3156 /* Run.png */,
				B2A575D31D4A1AC2008B3156 /* Walk.png */,
			);
			path = "status icon";
			sourceTree = "<group>";
		};
		C5B0EABF4313D08AC540C5CF /* Frameworks */ = {
			isa = PBXGroup;
			children = (
				B72D6F087C2152D0CCF0304D /* libPods-WTNotification.a */,
			);
			name = Frameworks;
			sourceTree = "<group>";
		};
		D7F5BF06B6E052EA9B14863E /* Pods */ = {
			isa = PBXGroup;
			children = (
				CA1C0C2909115AE12C46F1CF /* Pods-WTNotification.debug.xcconfig */,
				3159522036DB1F5E9E1BBFD1 /* Pods-WTNotification.release.xcconfig */,
			);
			name = Pods;
			sourceTree = "<group>";
		};
/* End PBXGroup section */

/* Begin PBXNativeTarget section */
		B20CA2791D37A4AD00CE3707 /* WTNotification */ = {
			isa = PBXNativeTarget;
			buildConfigurationList = B20CA2911D37A4AD00CE3707 /* Build configuration list for PBXNativeTarget "WTNotification" */;
			buildPhases = (
				C9D52206B169232FF7F11DFB /* Check Pods Manifest.lock */,
				B20CA2761D37A4AD00CE3707 /* Sources */,
				B20CA2771D37A4AD00CE3707 /* Frameworks */,
				B20CA2781D37A4AD00CE3707 /* Resources */,
				E9C159F3CE95C001BF668CE7 /* Embed Pods Frameworks */,
				0B56BB2A7987B6DA9C1E4A73 /* Copy Pods Resources */,
			);
			buildRules = (
			);
			dependencies = (
			);
			name = WTNotification;
			productName = WTNotification;
			productReference = B20CA27A1D37A4AD00CE3707 /* SILM-Alert.app */;
			productType = "com.apple.product-type.application";
		};
/* End PBXNativeTarget section */

/* Begin PBXProject section */
		B20CA2721D37A4AD00CE3707 /* Project object */ = {
			isa = PBXProject;
			attributes = {
				LastUpgradeCheck = 0730;
				ORGANIZATIONNAME = "Mehedi Hasan";
				TargetAttributes = {
					B20CA2791D37A4AD00CE3707 = {
						CreatedOnToolsVersion = 7.3;
						DevelopmentTeam = 3TC5LJ6B2U;
					};
				};
			};
			buildConfigurationList = B20CA2751D37A4AD00CE3707 /* Build configuration list for PBXProject "WTNotification" */;
			compatibilityVersion = "Xcode 3.2";
			developmentRegion = English;
			hasScannedForEncodings = 0;
			knownRegions = (
				en,
				Base,
			);
			mainGroup = B20CA2711D37A4AD00CE3707;
			productRefGroup = B20CA27B1D37A4AD00CE3707 /* Products */;
			projectDirPath = "";
			projectRoot = "";
			targets = (
				B20CA2791D37A4AD00CE3707 /* WTNotification */,
			);
		};
/* End PBXProject section */

/* Begin PBXResourcesBuildPhase section */
		B20CA2781D37A4AD00CE3707 /* Resources */ = {
			isa = PBXResourcesBuildPhase;
			buildActionMask = 2147483647;
			files = (
				B2A575DD1D4A1AC2008B3156 /* Walk.png in Resources */,
				B254FAFE1D58897C00EDB102 /* logo.png in Resources */,
				B26006051D47737600C780A1 /* Abel-Regular.ttf in Resources */,
				B2A575DA1D4A1AC2008B3156 /* Ping Pong.png in Resources */,
				B24C71621D48EE100096DF06 /* bubble-left@2x.png in Resources */,
				B2A575D41D4A1AC2008B3156 /* Board Games.png in Resources */,
				B24C71631D48EE100096DF06 /* bubble-right@2x.png in Resources */,
				B2A575DC1D4A1AC2008B3156 /* Run.png in Resources */,
				B2DCB50C1D424F6F001B153B /* no-profile.png in Resources */,
				B23A8F621D4635BC00872C44 /* cancel.png in Resources */,
				B24C71551D48BE2D0096DF06 /* send.png in Resources */,
				B23A8F611D4635BC00872C44 /* camera.png in Resources */,
				B23A8F631D4635BC00872C44 /* gallary.png in Resources */,
				B2DCB50A1D42442C001B153B /* Edit icon.png in Resources */,
				B2A575D61D4A1AC2008B3156 /* Coffee.png in Resources */,
				B2407DDC1D599A3C00CF1FFF /* bubble_left@2x.png in Resources */,
				B2A575D81D4A1AC2008B3156 /* Hangout.png in Resources */,
				B2A575D91D4A1AC2008B3156 /* Lunch.png in Resources */,
				B20CA28D1D37A4AD00CE3707 /* LaunchScreen.storyboard in Resources */,
				B20CA28A1D37A4AD00CE3707 /* Assets.xcassets in Resources */,
				B20CA2881D37A4AD00CE3707 /* Main.storyboard in Resources */,
				B2A575D71D4A1AC2008B3156 /* Football.png in Resources */,
				B254FAFD1D58897C00EDB102 /* splase-screen.png in Resources */,
				B2A575DB1D4A1AC2008B3156 /* Pool.png in Resources */,
				B2DCB5091D42442C001B153B /* back icon.png in Resources */,
				B2A575D51D4A1AC2008B3156 /* Chess.png in Resources */,
				B2407DDD1D599A3C00CF1FFF /* bubble_right@2x.png in Resources */,
			);
			runOnlyForDeploymentPostprocessing = 0;
		};
/* End PBXResourcesBuildPhase section */

/* Begin PBXShellScriptBuildPhase section */
		0B56BB2A7987B6DA9C1E4A73 /* Copy Pods Resources */ = {
			isa = PBXShellScriptBuildPhase;
			buildActionMask = 2147483647;
			files = (
			);
			inputPaths = (
			);
			name = "Copy Pods Resources";
			outputPaths = (
			);
			runOnlyForDeploymentPostprocessing = 0;
			shellPath = /bin/sh;
			shellScript = "\"${SRCROOT}/Pods/Target Support Files/Pods-WTNotification/Pods-WTNotification-resources.sh\"\n";
			showEnvVarsInLog = 0;
		};
		C9D52206B169232FF7F11DFB /* Check Pods Manifest.lock */ = {
			isa = PBXShellScriptBuildPhase;
			buildActionMask = 2147483647;
			files = (
			);
			inputPaths = (
			);
			name = "Check Pods Manifest.lock";
			outputPaths = (
			);
			runOnlyForDeploymentPostprocessing = 0;
			shellPath = /bin/sh;
			shellScript = "diff \"${PODS_ROOT}/../Podfile.lock\" \"${PODS_ROOT}/Manifest.lock\" > /dev/null\nif [[ $? != 0 ]] ; then\n    cat << EOM\nerror: The sandbox is not in sync with the Podfile.lock. Run 'pod install' or update your CocoaPods installation.\nEOM\n    exit 1\nfi\n";
			showEnvVarsInLog = 0;
		};
		E9C159F3CE95C001BF668CE7 /* Embed Pods Frameworks */ = {
			isa = PBXShellScriptBuildPhase;
			buildActionMask = 2147483647;
			files = (
			);
			inputPaths = (
			);
			name = "Embed Pods Frameworks";
			outputPaths = (
			);
			runOnlyForDeploymentPostprocessing = 0;
			shellPath = /bin/sh;
			shellScript = "\"${SRCROOT}/Pods/Target Support Files/Pods-WTNotification/Pods-WTNotification-frameworks.sh\"\n";
			showEnvVarsInLog = 0;
		};
/* End PBXShellScriptBuildPhase section */

/* Begin PBXSourcesBuildPhase section */
		B20CA2761D37A4AD00CE3707 /* Sources */ = {
			isa = PBXSourcesBuildPhase;
			buildActionMask = 2147483647;
			files = (
				B24C715C1D48C6E50096DF06 /* MessageView.m in Sources */,
				B2DCB5051D423B80001B153B /* ContainerVC.m in Sources */,
				B26005FB1D4733A600C780A1 /* ChannelManager.m in Sources */,
				B26005F81D47339300C780A1 /* Channel.m in Sources */,
				B2A575C81D4A0027008B3156 /* ChatRoomTVC.m in Sources */,
				B26005FE1D474E3E00C780A1 /* ChatVC.m in Sources */,
				B2A575C51D49FFED008B3156 /* ChatRoomVC.m in Sources */,
				B24C715F1D48C8610096DF06 /* MessageData.m in Sources */,
				B20CA2AB1D37AD5700CE3707 /* ConnectionHandler.m in Sources */,
				B23441221D389D6A001DF5D7 /* StatusTVC.m in Sources */,
				B2DCB5B61D477CAB00F9E24A /* SelectTVC.m in Sources */,
				B234412B1D38CEBB001DF5D7 /* FileHandler.m in Sources */,
				B20CA2A31D37ABED00CE3707 /* User.m in Sources */,
				B23A8F591D45EF7A00872C44 /* DetailVC.m in Sources */,
				B2DCB5021D4212C4001B153B /* ProfileVC.m in Sources */,
				B20CA2A81D37AC9000CE3707 /* UserHandler.m in Sources */,
				B20CA2971D37A71C00CE3707 /* MainVC.m in Sources */,
				B26006021D4757B500C780A1 /* IPChangeNotifier.m in Sources */,
				B20CA2821D37A4AD00CE3707 /* AppDelegate.m in Sources */,
				B20CA2AF1D37B02200CE3707 /* MessageHandler.m in Sources */,
				B20CA27F1D37A4AD00CE3707 /* main.m in Sources */,
			);
			runOnlyForDeploymentPostprocessing = 0;
		};
/* End PBXSourcesBuildPhase section */

/* Begin PBXVariantGroup section */
		B20CA2861D37A4AD00CE3707 /* Main.storyboard */ = {
			isa = PBXVariantGroup;
			children = (
				B20CA2871D37A4AD00CE3707 /* Base */,
			);
			name = Main.storyboard;
			sourceTree = "<group>";
		};
		B20CA28B1D37A4AD00CE3707 /* LaunchScreen.storyboard */ = {
			isa = PBXVariantGroup;
			children = (
				B20CA28C1D37A4AD00CE3707 /* Base */,
			);
			name = LaunchScreen.storyboard;
			sourceTree = "<group>";
		};
/* End PBXVariantGroup section */

/* Begin XCBuildConfiguration section */
		B20CA28F1D37A4AD00CE3707 /* Debug */ = {
			isa = XCBuildConfiguration;
			buildSettings = {
				ALWAYS_SEARCH_USER_PATHS = NO;
				CLANG_ANALYZER_NONNULL = YES;
				CLANG_CXX_LANGUAGE_STANDARD = "gnu++0x";
				CLANG_CXX_LIBRARY = "libc++";
				CLANG_ENABLE_MODULES = YES;
				CLANG_ENABLE_OBJC_ARC = YES;
				CLANG_WARN_BOOL_CONVERSION = YES;
				CLANG_WARN_CONSTANT_CONVERSION = YES;
				CLANG_WARN_DIRECT_OBJC_ISA_USAGE = YES_ERROR;
				CLANG_WARN_EMPTY_BODY = YES;
				CLANG_WARN_ENUM_CONVERSION = YES;
				CLANG_WARN_INT_CONVERSION = YES;
				CLANG_WARN_OBJC_ROOT_CLASS = YES_ERROR;
				CLANG_WARN_UNREACHABLE_CODE = YES;
				CLANG_WARN__DUPLICATE_METHOD_MATCH = YES;
				CODE_SIGN_IDENTITY = "iPhone Developer";
				"CODE_SIGN_IDENTITY[sdk=iphoneos*]" = "iPhone Developer";
				COPY_PHASE_STRIP = NO;
				DEBUG_INFORMATION_FORMAT = dwarf;
				ENABLE_STRICT_OBJC_MSGSEND = YES;
				ENABLE_TESTABILITY = YES;
				GCC_C_LANGUAGE_STANDARD = gnu99;
				GCC_DYNAMIC_NO_PIC = NO;
				GCC_NO_COMMON_BLOCKS = YES;
				GCC_OPTIMIZATION_LEVEL = 0;
				GCC_PREPROCESSOR_DEFINITIONS = (
					"DEBUG=1",
					"$(inherited)",
				);
				GCC_WARN_64_TO_32_BIT_CONVERSION = YES;
				GCC_WARN_ABOUT_RETURN_TYPE = YES_ERROR;
				GCC_WARN_UNDECLARED_SELECTOR = YES;
				GCC_WARN_UNINITIALIZED_AUTOS = YES_AGGRESSIVE;
				GCC_WARN_UNUSED_FUNCTION = YES;
				GCC_WARN_UNUSED_VARIABLE = YES;
				IPHONEOS_DEPLOYMENT_TARGET = 8.0;
				MTL_ENABLE_DEBUG_INFO = YES;
				ONLY_ACTIVE_ARCH = YES;
				PROVISIONING_PROFILE = "";
				SDKROOT = iphoneos;
				TARGETED_DEVICE_FAMILY = "1,2";
			};
			name = Debug;
		};
		B20CA2901D37A4AD00CE3707 /* Release */ = {
			isa = XCBuildConfiguration;
			buildSettings = {
				ALWAYS_SEARCH_USER_PATHS = NO;
				CLANG_ANALYZER_NONNULL = YES;
				CLANG_CXX_LANGUAGE_STANDARD = "gnu++0x";
				CLANG_CXX_LIBRARY = "libc++";
				CLANG_ENABLE_MODULES = YES;
				CLANG_ENABLE_OBJC_ARC = YES;
				CLANG_WARN_BOOL_CONVERSION = YES;
				CLANG_WARN_CONSTANT_CONVERSION = YES;
				CLANG_WARN_DIRECT_OBJC_ISA_USAGE = YES_ERROR;
				CLANG_WARN_EMPTY_BODY = YES;
				CLANG_WARN_ENUM_CONVERSION = YES;
				CLANG_WARN_INT_CONVERSION = YES;
				CLANG_WARN_OBJC_ROOT_CLASS = YES_ERROR;
				CLANG_WARN_UNREACHABLE_CODE = YES;
				CLANG_WARN__DUPLICATE_METHOD_MATCH = YES;
				CODE_SIGN_IDENTITY = "iPhone Developer";
				"CODE_SIGN_IDENTITY[sdk=iphoneos*]" = "iPhone Developer";
				COPY_PHASE_STRIP = NO;
				DEBUG_INFORMATION_FORMAT = "dwarf-with-dsym";
				ENABLE_NS_ASSERTIONS = NO;
				ENABLE_STRICT_OBJC_MSGSEND = YES;
				GCC_C_LANGUAGE_STANDARD = gnu99;
				GCC_NO_COMMON_BLOCKS = YES;
				GCC_WARN_64_TO_32_BIT_CONVERSION = YES;
				GCC_WARN_ABOUT_RETURN_TYPE = YES_ERROR;
				GCC_WARN_UNDECLARED_SELECTOR = YES;
				GCC_WARN_UNINITIALIZED_AUTOS = YES_AGGRESSIVE;
				GCC_WARN_UNUSED_FUNCTION = YES;
				GCC_WARN_UNUSED_VARIABLE = YES;
				IPHONEOS_DEPLOYMENT_TARGET = 8.0;
				MTL_ENABLE_DEBUG_INFO = NO;
				PROVISIONING_PROFILE = "";
				SDKROOT = iphoneos;
				TARGETED_DEVICE_FAMILY = "1,2";
				VALIDATE_PRODUCT = YES;
			};
			name = Release;
		};
		B20CA2921D37A4AD00CE3707 /* Debug */ = {
			isa = XCBuildConfiguration;
			baseConfigurationReference = CA1C0C2909115AE12C46F1CF /* Pods-WTNotification.debug.xcconfig */;
			buildSettings = {
				ASSETCATALOG_COMPILER_APPICON_NAME = AppIcon;
				CODE_SIGN_IDENTITY = "iPhone Developer";
				"CODE_SIGN_IDENTITY[sdk=iphoneos*]" = "iPhone Developer";
				GCC_PRECOMPILE_PREFIX_HEADER = YES;
				GCC_PREFIX_HEADER = WTNotification/WTNotification.pch;
				INFOPLIST_FILE = WTNotification/Info.plist;
				IPHONEOS_DEPLOYMENT_TARGET = 8.0;
				LD_RUNPATH_SEARCH_PATHS = "$(inherited) @executable_path/Frameworks";
				PRODUCT_BUNDLE_IDENTIFIER = com.siliconorchard.SILMAlert;
				PRODUCT_NAME = "SILM-Alert";
				PROVISIONING_PROFILE = "";
			};
			name = Debug;
		};
		B20CA2931D37A4AD00CE3707 /* Release */ = {
			isa = XCBuildConfiguration;
			baseConfigurationReference = 3159522036DB1F5E9E1BBFD1 /* Pods-WTNotification.release.xcconfig */;
			buildSettings = {
				ASSETCATALOG_COMPILER_APPICON_NAME = AppIcon;
				CODE_SIGN_IDENTITY = "iPhone Developer";
				"CODE_SIGN_IDENTITY[sdk=iphoneos*]" = "iPhone Developer";
				GCC_PRECOMPILE_PREFIX_HEADER = YES;
				GCC_PREFIX_HEADER = WTNotification/WTNotification.pch;
				INFOPLIST_FILE = WTNotification/Info.plist;
				IPHONEOS_DEPLOYMENT_TARGET = 8.0;
				LD_RUNPATH_SEARCH_PATHS = "$(inherited) @executable_path/Frameworks";
				PRODUCT_BUNDLE_IDENTIFIER = com.siliconorchard.SILMAlert;
				PRODUCT_NAME = "SILM-Alert";
				PROVISIONING_PROFILE = "";
			};
			name = Release;
		};
/* End XCBuildConfiguration section */

/* Begin XCConfigurationList section */
		B20CA2751D37A4AD00CE3707 /* Build configuration list for PBXProject "WTNotification" */ = {
			isa = XCConfigurationList;
			buildConfigurations = (
				B20CA28F1D37A4AD00CE3707 /* Debug */,
				B20CA2901D37A4AD00CE3707 /* Release */,
			);
			defaultConfigurationIsVisible = 0;
			defaultConfigurationName = Release;
		};
		B20CA2911D37A4AD00CE3707 /* Build configuration list for PBXNativeTarget "WTNotification" */ = {
			isa = XCConfigurationList;
			buildConfigurations = (
				B20CA2921D37A4AD00CE3707 /* Debug */,
				B20CA2931D37A4AD00CE3707 /* Release */,
			);
			defaultConfigurationIsVisible = 0;
			defaultConfigurationName = Release;
		};
/* End XCConfigurationList section */
	};
	rootObject = B20CA2721D37A4AD00CE3707 /* Project object */;
}
